
Microsoft Visual Studio Solution File, Format Version 12.00
# Visual Studio Version 17
VisualStudioVersion = 17.14.36310.24 d17.14
MinimumVisualStudioVersion = 10.0.40219.1
Project("{FAE04EC0-301F-11D3-BF4B-00C04F79EFBC}") = "okak", "okak\okak.csproj", "{C67C2577-985F-487C-B6C7-836FF742515B}"
EndProject
Global
	GlobalSection(SolutionConfigurationPlatforms) = preSolution
		Debug|Any CPU = Debug|Any CPU
		Release|Any CPU = Release|Any CPU
	EndGlobalSection
	GlobalSection(ProjectConfigurationPlatforms) = postSolution
		{C67C2577-985F-487C-B6C7-836FF742515B}.Debug|Any CPU.ActiveCfg = Debug|Any CPU
		{C67C2577-985F-487C-B6C7-836FF742515B}.Debug|Any CPU.Build.0 = Debug|Any CPU
		{C67C2577-985F-487C-B6C7-836FF742515B}.Debug|Any CPU.Deploy.0 = Debug|Any CPU
		{C67C2577-985F-487C-B6C7-836FF742515B}.Release|Any CPU.ActiveCfg = Release|Any CPU
		{C67C2577-985F-487C-B6C7-836FF742515B}.Release|Any CPU.Build.0 = Release|Any CPU
		{C67C2577-985F-487C-B6C7-836FF742515B}.Release|Any CPU.Deploy.0 = Release|Any CPU
	EndGlobalSection
	GlobalSection(SolutionProperties) = preSolution
		HideSolutionNode = FALSE
	EndGlobalSection
	GlobalSection(ExtensibilityGlobals) = postSolution
		SolutionGuid = {A62AA8D1-CCA1-45C5-A610-15A149638FA5}
	EndGlobalSection
EndGlobal
